
Microsoft Visual Studio Solution File, Format Version 12.00
# Visual Studio Version 17
VisualStudioVersion = 17.4.33213.308
MinimumVisualStudioVersion = 10.0.40219.1
Project("{FAE04EC0-301F-11D3-BF4B-00C04F79EFBC}") = "WebBook", "WebBook\WebBook.csproj", "{CF2B7C30-75A8-42E1-B2AA-36966AEEC577}"
EndProject
Project("{FAE04EC0-301F-11D3-BF4B-00C04F79EFBC}") = "Domain", "Domain\Domain.csproj", "{A5DA9A23-EC3D-40EB-998F-13C9B9E26B5B}"
EndProject
Project("{FAE04EC0-301F-11D3-BF4B-00C04F79EFBC}") = "Infarstructure", "Infarstructure\Infarstructure.csproj", "{B650619F-BF25-4EED-A038-9AB476099CFC}"
EndProject
Global
	GlobalSection(SolutionConfigurationPlatforms) = preSolution
		Debug|Any CPU = Debug|Any CPU
		Release|Any CPU = Release|Any CPU
	EndGlobalSection
	GlobalSection(ProjectConfigurationPlatforms) = postSolution
		{CF2B7C30-75A8-42E1-B2AA-36966AEEC577}.Debug|Any CPU.ActiveCfg = Debug|Any CPU
		{CF2B7C30-75A8-42E1-B2AA-36966AEEC577}.Debug|Any CPU.Build.0 = Debug|Any CPU
		{CF2B7C30-75A8-42E1-B2AA-36966AEEC577}.Release|Any CPU.ActiveCfg = Release|Any CPU
		{CF2B7C30-75A8-42E1-B2AA-36966AEEC577}.Release|Any CPU.Build.0 = Release|Any CPU
		{A5DA9A23-EC3D-40EB-998F-13C9B9E26B5B}.Debug|Any CPU.ActiveCfg = Debug|Any CPU
		{A5DA9A23-EC3D-40EB-998F-13C9B9E26B5B}.Debug|Any CPU.Build.0 = Debug|Any CPU
		{A5DA9A23-EC3D-40EB-998F-13C9B9E26B5B}.Release|Any CPU.ActiveCfg = Release|Any CPU
		{A5DA9A23-EC3D-40EB-998F-13C9B9E26B5B}.Release|Any CPU.Build.0 = Release|Any CPU
		{B650619F-BF25-4EED-A038-9AB476099CFC}.Debug|Any CPU.ActiveCfg = Debug|Any CPU
		{B650619F-BF25-4EED-A038-9AB476099CFC}.Debug|Any CPU.Build.0 = Debug|Any CPU
		{B650619F-BF25-4EED-A038-9AB476099CFC}.Release|Any CPU.ActiveCfg = Release|Any CPU
		{B650619F-BF25-4EED-A038-9AB476099CFC}.Release|Any CPU.Build.0 = Release|Any CPU
	EndGlobalSection
	GlobalSection(SolutionProperties) = preSolution
		HideSolutionNode = FALSE
	EndGlobalSection
	GlobalSection(ExtensibilityGlobals) = postSolution
		SolutionGuid = {BDFAAFFD-8138-4CB4-996F-3171C825D74F}
	EndGlobalSection
EndGlobal
